{
    "name": "news-intelligence-crawler",
    "version": "0.1.0",
    "lockfileVersion": 3,
    "requires": true,
    "packages": {
        "": {
            "name": "news-intelligence-crawler",
            "version": "0.1.0",
            "dependencies": {
                "@extractus/article-extractor": "^8.0.9",
                "robots-parser": "^3.0.1",
                "rss-parser": "^3.13.0"
            },
            "devDependencies": {
                "@types/node": "^22.5.0",
                "tsx": "^4.19.0",
                "typescript": "^5.5.4"
            },
            "engines": {
                "node": ">=18.0.0"
            }
        },
        "node_modules/@esbuild/aix-ppc64": {
            "version": "0.28.1",
            "resolved": "https://registry.npmjs.org/@esbuild/aix-ppc64/-/aix-ppc64-0.28.1.tgz",
            "integrity": "sha512-Svl7tq8k/08+p6CXPpRjQ1fKX+1odH/BQbb48fV6fj3CWHhsoIOoY87w1oHXm0qEpkIK3ZfVgp0hed3XBXzXMQ==",
            "cpu": [
                "ppc64"
            ],
            "dev": true,
            "license": "MIT",
            "optional": true,
            "os": [
                "aix"
            ],
            "engines": {
                "node": ">=18"
            }
        },
        "node_modules/@esbuild/android-arm": {
            "version": "0.28.1",
            "resolved": "https://registry.npmjs.org/@esbuild/android-arm/-/android-arm-0.28.1.tgz",
            "integrity": "sha512-0k2F129Xdio1TdJfzJ8sy1Q47vUD2NnwdhiAf7drUN1EBTfPf4hsFCtmMgu/6m8JSzsBrlmVjudMBQqOfG8usQ==",
            "cpu": [
                "arm"
            ],
            "dev": true,
            "license": "MIT",
            "optional": true,
            "os": [
                "android"
            ],
            "engines": {
                "node": ">=18"
            }
        },
        "node_modules/@esbuild/android-arm64": {
            "version": "0.28.1",
            "resolved": "https://registry.npmjs.org/@esbuild/android-arm64/-/android-arm64-0.28.1.tgz",
            "integrity": "sha512-34EGEbCIAgosYz6goLcopX6Mo7NyGv9tfwEM2/7Ce2VcVRk568iSvniGWcUXIy7wEDR1wzolcxcriFVrWYcwBg==",
            "cpu": [
                "arm64"
            ],
            "dev": true,
            "license": "MIT",
            "optional": true,
            "os": [
                "android"
            ],
            "engines": {
                "node": ">=18"
            }
        },
        "node_modules/@esbuild/android-x64": {
            "version": "0.28.1",
            "resolved": "https://registry.npmjs.org/@esbuild/android-x64/-/android-x64-0.28.1.tgz",
            "integrity": "sha512-dbwY7ltSMDWsRatcRpCnES4F+im88OCUgGZjy52shC7GqHRE/cYlxNbB4Z4UpJswpcc4Qxd2oE/ufM0p61IKng==",
            "cpu": [
                "x64"
            ],
            "dev": true,
            "license": "MIT",
            "optional": true,
            "os": [
                "android"
            ],
            "engines": {
                "node": ">=18"
            }
        },
        "node_modules/@esbuild/darwin-arm64": {
            "version": "0.28.1",
            "resolved": "https://registry.npmjs.org/@esbuild/darwin-arm64/-/darwin-arm64-0.28.1.tgz",
            "integrity": "sha512-TZbWkQY7kvTAXbXUT7uVACR5cMHsDiSz9z7ZKAX/RTq/WJEk3QyRr0wZpNhBDX+/0CtdqUIJlOiodQcta6tY3Q==",
            "cpu": [
                "arm64"
            ],
            "dev": true,
            "license": "MIT",
            "optional": true,
            "os": [
                "darwin"
            ],
            "engines": {
                "node": ">=18"
            }
        },
        "node_modules/@esbuild/darwin-x64": {
            "version": "0.28.1",
            "resolved": "https://registry.npmjs.org/@esbuild/darwin-x64/-/darwin-x64-0.28.1.tgz",
            "integrity": "sha512-zfdzgK9ACBNZLI/CyHTOx81SyNbM6YXn7rxSgX97VjyiPl9W1i4Ka4fgKECEoFCKGpvBj5qArWIGgQjOwkgskQ==",
            "cpu": [
                "x64"
            ],
            "dev": true,
            "license": "MIT",
            "optional": true,
            "os": [
                "darwin"
            ],
            "engines": {
                "node": ">=18"
            }
        },
        "node_modules/@esbuild/freebsd-arm64": {
            "version": "0.28.1",
            "resolved": "https://registry.npmjs.org/@esbuild/freebsd-arm64/-/freebsd-arm64-0.28.1.tgz",
            "integrity": "sha512-wG2EA8ENdEI0qhkSZMjfqrdY+ziCYCPMmtZjjIwOmXFjmyzEHn+UUxk5of+SYsjtfs3VpnlC7QLzSI5hY/rOAw==",
            "cpu": [
                "arm64"
            ],
            "dev": true,
            "license": "MIT",
            "optional": true,
            "os": [
                "freebsd"
            ],
            "engines": {
                "node": ">=18"
            }
        },
        "node_modules/@esbuild/freebsd-x64": {
            "version": "0.28.1",
            "resolved": "https://registry.npmjs.org/@esbuild/freebsd-x64/-/freebsd-x64-0.28.1.tgz",
            "integrity": "sha512-i7dZ9vQgnvSCzi/rYCXNgtF/U+eKZNJBzu3eTQbRgHnM7tNSizLOkRFAl3qzVc/Op/u5YkHHa4pf/3DOYHthLQ==",
            "cpu": [
                "x64"
            ],
            "dev": true,
            "license": "MIT",
            "optional": true,
            "os": [
                "freebsd"
            ],
            "engines": {
                "node": ">=18"
            }
        },
        "node_modules/@esbuild/linux-arm": {
            "version": "0.28.1",
            "resolved": "https://registry.npmjs.org/@esbuild/linux-arm/-/linux-arm-0.28.1.tgz",
            "integrity": "sha512-qVXBOHQS+d5Y722GwJzJUtOLlX7km3CraOaGormF1pDtPd2C/l1SHRPgjLunLGe51Sh5YYWKMFDyV4SxgMQYTQ==",
            "cpu": [
                "arm"
            ],
            "dev": true,
            "license": "MIT",
            "optional": true,
            "os": [
                "linux"
            ],
            "engines": {
                "node": ">=18"
            }
        },
        "node_modules/@esbuild/linux-arm64": {
            "version": "0.28.1",
            "resolved": "https://registry.npmjs.org/@esbuild/linux-arm64/-/linux-arm64-0.28.1.tgz",
            "integrity": "sha512-yHs+0uc8+nvEAfAfxrWQKK5peSNzBc4PegcMO0EJ2hT71uA7vB8Ihg2e77R2P7SG5uYjPbHlLLmve4LLLRCf0g==",
            "cpu": [
                "arm64"
            ],
            "dev": true,
            "license": "MIT",
            "optional": true,
            "os": [
                "linux"
            ],
            "engines": {
                "node": ">=18"
            }
        },
        "node_modules/@esbuild/linux-ia32": {
            "version": "0.28.1",
            "resolved": "https://registry.npmjs.org/@esbuild/linux-ia32/-/linux-ia32-0.28.1.tgz",
            "integrity": "sha512-d1z4ZuP0ajrfz/FhGT4vv278rX8KnPPJx8i5+AtK7TYbx9Le9F1hyzurZpkEyjkGa9dUGhQow4C1NmeGvqxN2w==",
            "cpu": [
                "ia32"
            ],
            "dev": true,
            "license": "MIT",
            "optional": true,
            "os": [
                "linux"
            ],
            "engines": {
                "node": ">=18"
            }
        },
        "node_modules/@esbuild/linux-loong64": {
            "version": "0.28.1",
            "resolved": "https://registry.npmjs.org/@esbuild/linux-loong64/-/linux-loong64-0.28.1.tgz",
            "integrity": "sha512-M5sRjUVZrkm1OAPR3dlOYzNmN+loZKGVi1VUQGrwuqLcbR6qeAz+famMhjASeH3YVKvZz+zT1jlh/keC3Rj/lg==",
            "cpu": [
                "loong64"
            ],
            "dev": true,
            "license": "MIT",
            "optional": true,
            "os": [
                "linux"
            ],
            "engines": {
                "node": ">=18"
            }
        },
        "node_modules/@esbuild/linux-mips64el": {
            "version": "0.28.1",
            "resolved": "https://registry.npmjs.org/@esbuild/linux-mips64el/-/linux-mips64el-0.28.1.tgz",
            "integrity": "sha512-mRObBZeHh2OxcBFPWE/FjylkRgZdYuiTR3vaTozquCGOH14iP9oN4x4Ge81CoIDYQrXmIxpFumJBu5MtZpnQJQ==",
            "cpu": [
                "mips64el"
            ],
            "dev": true,
            "license": "MIT",
            "optional": true,
            "os": [
                "linux"
            ],
            "engines": {
                "node": ">=18"
            }
        },
        "node_modules/@esbuild/linux-ppc64": {
            "version": "0.28.1",
            "resolved": "https://registry.npmjs.org/@esbuild/linux-ppc64/-/linux-ppc64-0.28.1.tgz",
            "integrity": "sha512-slScBsMAb3GFDcdrCgLwZtPYRoH2H/youv10QiZyRjmsP48fznoveWytSgCI/R0ZcUgpc0ZhIUEx6LHts8yrfQ==",
            "cpu": [
                "ppc64"
            ],
            "dev": true,
            "license": "MIT",
            "optional": true,
            "os": [
                "linux"
            ],
            "engines": {
                "node": ">=18"
            }
        },
        "node_modules/@esbuild/linux-riscv64": {
            "version": "0.28.1",
            "resolved": "https://registry.npmjs.org/@esbuild/linux-riscv64/-/linux-riscv64-0.28.1.tgz",
            "integrity": "sha512-kw0owk1o0GFETUJyW0jc0G4Yzs0BHZn0JDZ8JRT088vjJYX777BAs1fDGxAC+q831qOs2DTC96mNsG2opdfyyQ==",
            "cpu": [
                "riscv64"
            ],
            "dev": true,
            "license": "MIT",
            "optional": true,
            "os": [
                "linux"
            ],
            "engines": {
                "node": ">=18"
            }
        },
        "node_modules/@esbuild/linux-s390x": {
            "version": "0.28.1",
            "resolved": "https://registry.npmjs.org/@esbuild/linux-s390x/-/linux-s390x-0.28.1.tgz",
            "integrity": "sha512-/lAIjX8aYFRByhh6L5rYtPEDRqa9de/4V/juOXcta5frjvzXO4/sqEtyytse0g3zZFuWu5cDN0MkLz2qRDD2Ag==",
            "cpu": [
                "s390x"
            ],
            "dev": true,
            "license": "MIT",
            "optional": true,
            "os": [
                "linux"
            ],
            "engines": {
                "node": ">=18"
            }
        },
        "node_modules/@esbuild/linux-x64": {
            "version": "0.28.1",
            "resolved": "https://registry.npmjs.org/@esbuild/linux-x64/-/linux-x64-0.28.1.tgz",
            "integrity": "sha512-u/anNYF2mmVOEDwLtnQ1wOr3EZ9sTNGLWrsYGYwHWzGA3Si84IOkHXlbWTD1NB+9/1lcnweYKO54uhxZydNzfA==",
            "cpu": [
                "x64"
            ],
            "dev": true,
            "license": "MIT",
            "optional": true,
            "os": [
                "linux"
            ],
            "engines": {
                "node": ">=18"
            }
        },
        "node_modules/@esbuild/netbsd-arm64": {
            "version": "0.28.1",
            "resolved": "https://registry.npmjs.org/@esbuild/netbsd-arm64/-/netbsd-arm64-0.28.1.tgz",
            "integrity": "sha512-oks0DYbLwWMmaakTsCb+zL4E+aHRVLom9IJZOAthMQEPiQmydXHkziYEsGYRx0uNV/IjEKGAV941JzH02pflqw==",
            "cpu": [
                "arm64"
            ],
            "dev": true,
            "license": "MIT",
            "optional": true,
            "os": [
                "netbsd"
            ],
            "engines": {
                "node": ">=18"
            }
        },
        "node_modules/@esbuild/netbsd-x64": {
            "version": "0.28.1",
            "resolved": "https://registry.npmjs.org/@esbuild/netbsd-x64/-/netbsd-x64-0.28.1.tgz",
            "integrity": "sha512-aeL6lAnN89Hz43Mlh1G8ARasbuoYvSITDEx0tHh5b7jJnHcssqgjy9Yx430GDpmCa6OyrKoS0aNRjKundRizGg==",
            "cpu": [
                "x64"
            ],
            "dev": true,
            "license": "MIT",
            "optional": true,
            "os": [
                "netbsd"
            ],
            "engines": {
                "node": ">=18"
            }
        },
        "node_modules/@esbuild/openbsd-arm64": {
            "version": "0.28.1",
            "resolved": "https://registry.npmjs.org/@esbuild/openbsd-arm64/-/openbsd-arm64-0.28.1.tgz",
            "integrity": "sha512-MEFJe5C3R8pwXdZ5Y21oo6m7ePiS0d9pWucn99O/wvyJZChoIQKrQDxKrGeW8F5+T0okTHesAmDeiHDTIq0V/Q==",
            "cpu": [
                "arm64"
            ],
            "dev": true,
            "license": "MIT",
            "optional": true,
            "os": [
                "openbsd"
            ],
            "engines": {
                "node": ">=18"
            }
        },
        "node_modules/@esbuild/openbsd-x64": {
            "version": "0.28.1",
            "resolved": "https://registry.npmjs.org/@esbuild/openbsd-x64/-/openbsd-x64-0.28.1.tgz",
            "integrity": "sha512-i/ZLIOafE0Z8cI/XANJAixoJL/uRAoS2xOA3rb0xN+KK0K177cMAsQYkzHtBrtMXAKuAc7HGgcWiZ/sRC1Nxgw==",
            "cpu": [
                "x64"
            ],
            "dev": true,
            "license": "MIT",
            "optional": true,
            "os": [
                "openbsd"
            ],
            "engines": {
                "node": ">=18"
            }
        },
        "node_modules/@esbuild/openharmony-arm64": {
            "version": "0.28.1",
            "resolved": "https://registry.npmjs.org/@esbuild/openharmony-arm64/-/openharmony-arm64-0.28.1.tgz",
            "integrity": "sha512-ge+Z7EXFNt2BO1oAMsVpiQ8EwndV9i1xXerAeTIK7AtPs3bKFXQM7nlRxDSIUIMeueR1CNXxqztLzdNeReKBJg==",
            "cpu": [
                "arm64"
            ],
            "dev": true,
            "license": "MIT",
            "optional": true,
            "os": [
                "openharmony"
            ],
            "engines": {
                "node": ">=18"
            }
        },
        "node_modules/@esbuild/sunos-x64": {
            "version": "0.28.1",
            "resolved": "https://registry.npmjs.org/@esbuild/sunos-x64/-/sunos-x64-0.28.1.tgz",
            "integrity": "sha512-BEjgtECkL3vY+SaSQ6nzVfiALUeFxpawyp8Jmf5PtYhf1Ug40N1h/hxlhts+f1FvSvarEigdxS3BlSMI2PJLcQ==",
            "cpu": [
                "x64"
            ],
            "dev": true,
            "license": "MIT",
            "optional": true,
            "os": [
                "sunos"
            ],
            "engines": {
                "node": ">=18"
            }
        },
        "node_modules/@esbuild/win32-arm64": {
            "version": "0.28.1",
            "resolved": "https://registry.npmjs.org/@esbuild/win32-arm64/-/win32-arm64-0.28.1.tgz",
            "integrity": "sha512-lCv9eK/H6ZJWbE7bh2nw54CZ9M2nupBxJcTsdk/QQnWkdSjKGuxmmH8/GWrlT1eMmZfn4dGcCjRte397WqfQXA==",
            "cpu": [
                "arm64"
            ],
            "dev": true,
            "license": "MIT",
            "optional": true,
            "os": [
                "win32"
            ],
            "engines": {
                "node": ">=18"
            }
        },
        "node_modules/@esbuild/win32-ia32": {
            "version": "0.28.1",
            "resolved": "https://registry.npmjs.org/@esbuild/win32-ia32/-/win32-ia32-0.28.1.tgz",
            "integrity": "sha512-zvb/mB2bSCoJOpoCBgYKKpX6YM6mJBlBUVUtVj41DlZJVEB6/0CKlRYxP5wWl1C1ILiCoAU5wZZ4q1P3qeS6Eg==",
            "cpu": [
                "ia32"
            ],
            "dev": true,
            "license": "MIT",
            "optional": true,
            "os": [
                "win32"
            ],
            "engines": {
                "node": ">=18"
            }
        },
        "node_modules/@esbuild/win32-x64": {
            "version": "0.28.1",
            "resolved": "https://registry.npmjs.org/@esbuild/win32-x64/-/win32-x64-0.28.1.tgz",
            "integrity": "sha512-bm4Mowrv+GXMlpWX++EcXw/iLyd1o3+bJkC2DkWXYVvgZCqD/bSj9ctZeAMC3cIxgjRVR2Dufaiu4YPxr5gW1A==",
            "cpu": [
                "x64"
            ],
            "dev": true,
            "license": "MIT",
            "optional": true,
            "os": [
                "win32"
            ],
            "engines": {
                "node": ">=18"
            }
        },
        "node_modules/@extractus/article-extractor": {
            "version": "8.1.0",
            "resolved": "https://registry.npmjs.org/@extractus/article-extractor/-/article-extractor-8.1.0.tgz",
            "integrity": "sha512-FLA07C3YFFyisrob3UW3kyd88M2BW3OKLQpWFMDiH0abzAR9L5CL2B+HuB+rzo3s/gu7sdRW++82qZBmdOowMg==",
            "license": "MIT",
            "dependencies": {
                "@mozilla/readability": "^0.6.0",
                "@pwshub/bellajs": "^13.0.2",
                "linkedom": "^0.18.12",
                "sanitize-html": "^2.17.3"
            },
            "engines": {
                "node": ">= 20"
            }
        },
        "node_modules/@mozilla/readability": {
            "version": "0.6.0",
            "resolved": "https://registry.npmjs.org/@mozilla/readability/-/readability-0.6.0.tgz",
            "integrity": "sha512-juG5VWh4qAivzTAeMzvY9xs9HY5rAcr2E4I7tiSSCokRFi7XIZCAu92ZkSTsIj1OPceCifL3cpfteP3pDT9/QQ==",
            "license": "Apache-2.0",
            "engines": {
                "node": ">=14.0.0"
            }
        },
        "node_modules/@pwshub/bellajs": {
            "version": "13.1.0",
            "resolved": "https://registry.npmjs.org/@pwshub/bellajs/-/bellajs-13.1.0.tgz",
            "integrity": "sha512-TAmuiXHyh59lWY8JiDWARObLKeteC5ClXufnC3x7oqdlidlDGK3qSTCKDnCRtygiY+C28ZLllAnagmmAPaoo7w==",
            "license": "MIT"
        },
        "node_modules/@types/node": {
            "version": "22.20.1",
            "resolved": "https://registry.npmjs.org/@types/node/-/node-22.20.1.tgz",
            "integrity": "sha512-EANqOCF9QFyra+4pfxUcX9STKJpCLjMbObVzljIJomAWSnuSIEAvyzEU53GaajbXJEgdh0iEcPL+DGvpUd4k1Q==",
            "dev": true,
            "license": "MIT",
            "dependencies": {
                "undici-types": "~6.21.0"
            }
        },
        "node_modules/boolbase": {
            "version": "2.0.0",
            "resolved": "https://registry.npmjs.org/boolbase/-/boolbase-2.0.0.tgz",
            "integrity": "sha512-DkVaaQHymRhpYEYo9x1oo7Q7B0Y6KJUsjm3c9eTyFDby4MHLBTwZ6ZDWBel5zrYxj1WsZgC5oLpiz+93MluXeA==",
            "license": "ISC",
            "engines": {
                "node": ">=20.19.0"
            },
            "funding": {
                "type": "github",
                "url": "https://github.com/sponsors/fb55"
            }
        },
        "node_modules/css-select": {
            "version": "7.0.0",
            "resolved": "https://registry.npmjs.org/css-select/-/css-select-7.0.0.tgz",
            "integrity": "sha512-snmjEVXy+1LnwXdxhYvTMj1d9tOh4HxkA1YmoayVBeeyR2C14Pum7fcxJIm4SswYspVy866eYNwlH6xC3/VH5g==",
            "license": "BSD-2-Clause",
            "dependencies": {
                "boolbase": "^2.0.0",
                "css-what": "^8.0.0",
                "domhandler": "^6.0.1",
                "domutils": "^4.0.2",
                "nth-check": "^3.0.1"
            },
            "engines": {
                "node": ">=20.19.0"
            },
            "funding": {
                "type": "github",
                "url": "https://github.com/sponsors/fb55"
            }
        },
        "node_modules/css-what": {
            "version": "8.0.0",
            "resolved": "https://registry.npmjs.org/css-what/-/css-what-8.0.0.tgz",
            "integrity": "sha512-DH0Bqq3DNp5tdOReuNyAA+Ev4Y2GS5FMbZpeTLP6C4CDi0h5nL0BmUPChXw3o/qbHLDWHl49sbNqQVY7bMSDdw==",
            "license": "BSD-2-Clause",
            "engines": {
                "node": ">=20.19.0"
            },
            "funding": {
                "type": "github",
                "url": "https://github.com/sponsors/fb55"
            }
        },
        "node_modules/cssom": {
            "version": "0.5.0",
            "resolved": "https://registry.npmjs.org/cssom/-/cssom-0.5.0.tgz",
            "integrity": "sha512-iKuQcq+NdHqlAcwUY0o/HL69XQrUaQdMjmStJ8JFmUaiiQErlhrmuigkg/CU4E2J0IyUKUrMAgl36TvN67MqTw==",
            "license": "MIT"
        },
        "node_modules/dayjs": {
            "version": "1.11.21",
            "resolved": "https://registry.npmjs.org/dayjs/-/dayjs-1.11.21.tgz",
            "integrity": "sha512-98IT+HOahAisibz/yjKbzuOBwYcjJ7BCLPzARyHiyEBmRz4fatF+KPJszEHXsGYjUG234aH/cOjW1wwTbKUZlA==",
            "license": "MIT"
        },
        "node_modules/deepmerge": {
            "version": "4.3.1",
            "resolved": "https://registry.npmjs.org/deepmerge/-/deepmerge-4.3.1.tgz",
            "integrity": "sha512-3sUqbMEc77XqpdNO7FRyRog+eW3ph+GYCbj+rK+uYyRMuwsVy0rMiVtPn+QJlKFvWP/1PYpapqYn0Me2knFn+A==",
            "license": "MIT",
            "engines": {
                "node": ">=0.10.0"
            }
        },
        "node_modules/dom-serializer": {
            "version": "3.1.1",
            "resolved": "https://registry.npmjs.org/dom-serializer/-/dom-serializer-3.1.1.tgz",
            "integrity": "sha512-4MEa38/QexBob6gFNwu+EGdWvhJ1OKuNwdYY3Y3NyeWDQfnGeDYQUDfIRzWu5B5gsv03so2Uxd28YC6zrsx3Lw==",
            "license": "MIT",
            "dependencies": {
                "domelementtype": "^3.0.0",
                "domhandler": "^6.0.0",
                "entities": "^8.0.0"
            },
            "engines": {
                "node": ">=20.19.0"
            },
            "funding": {
                "type": "github",
                "url": "https://github.com/cheeriojs/dom-serializer?sponsor=1"
            }
        },
        "node_modules/domelementtype": {
            "version": "3.0.0",
            "resolved": "https://registry.npmjs.org/domelementtype/-/domelementtype-3.0.0.tgz",
            "integrity": "sha512-umCQid3jKbDmVjx8jGaW7uUykm4DEUeyV21hPxNMo2nV955DhUThwqyOIDtreepP31hl84X7G5U9ZfsWvIB3Pg==",
            "funding": [
                {
                    "type": "github",
                    "url": "https://github.com/sponsors/fb55"
                }
            ],
            "license": "BSD-2-Clause",
            "engines": {
                "node": ">=20.19.0"
            }
        },
        "node_modules/domhandler": {
            "version": "6.0.1",
            "resolved": "https://registry.npmjs.org/domhandler/-/domhandler-6.0.1.tgz",
            "integrity": "sha512-gYzvtM72ZtxQO0T048kd6HWSbbGCNOUwcnfQ01cqIJ4X2IYKFFHZ5mKvrQETcFXxsRObZulDaKmy//R7TPtsBg==",
            "license": "BSD-2-Clause",
            "dependencies": {
                "domelementtype": "^3.0.0"
            },
            "engines": {
                "node": ">=20.19.0"
            },
            "funding": {
                "type": "github",
                "url": "https://github.com/fb55/domhandler?sponsor=1"
            }
        },
        "node_modules/domutils": {
            "version": "4.0.2",
            "resolved": "https://registry.npmjs.org/domutils/-/domutils-4.0.2.tgz",
            "integrity": "sha512-qI4JLRKnSzqFqr7hAlS5xQDusBCjKSEG4t4+7aNrIQMHBcsC2TGEhuyABJdYkgSewL57PNLYEiibY2iPKhKpaA==",
            "license": "BSD-2-Clause",
            "dependencies": {
                "dom-serializer": "^3.0.0",
                "domelementtype": "^3.0.0",
                "domhandler": "^6.0.0"
            },
            "engines": {
                "node": ">=20.19.0"
            },
            "funding": {
                "type": "github",
                "url": "https://github.com/fb55/domutils?sponsor=1"
            }
        },
        "node_modules/entities": {
            "version": "8.0.0",
            "resolved": "https://registry.npmjs.org/entities/-/entities-8.0.0.tgz",
            "integrity": "sha512-zwfzJecQ/Uej6tusMqwAqU/6KL2XaB2VZ2Jg54Je6ahNBGNH6Ek6g3jjNCF0fG9EWQKGZNddNjU5F1ZQn/sBnA==",
            "license": "BSD-2-Clause",
            "engines": {
                "node": ">=20.19.0"
            },
            "funding": {
                "url": "https://github.com/fb55/entities?sponsor=1"
            }
        },
        "node_modules/esbuild": {
            "version": "0.28.1",
            "resolved": "https://registry.npmjs.org/esbuild/-/esbuild-0.28.1.tgz",
            "integrity": "sha512-HrJrvZv5ayxBzPfwphOoNzkzOIIlifzk0KJrGK2c8R4+LKpMtpYLQeUdjnwjWv/LZlkH2laZk+4w78pi99D4Vw==",
            "dev": true,
            "hasInstallScript": true,
            "license": "MIT",
            "bin": {
                "esbuild": "bin/esbuild"
            },
            "engines": {
                "node": ">=18"
            },
            "optionalDependencies": {
                "@esbuild/aix-ppc64": "0.28.1",
                "@esbuild/android-arm": "0.28.1",
                "@esbuild/android-arm64": "0.28.1",
                "@esbuild/android-x64": "0.28.1",
                "@esbuild/darwin-arm64": "0.28.1",
                "@esbuild/darwin-x64": "0.28.1",
                "@esbuild/freebsd-arm64": "0.28.1",
                "@esbuild/freebsd-x64": "0.28.1",
                "@esbuild/linux-arm": "0.28.1",
                "@esbuild/linux-arm64": "0.28.1",
                "@esbuild/linux-ia32": "0.28.1",
                "@esbuild/linux-loong64": "0.28.1",
                "@esbuild/linux-mips64el": "0.28.1",
                "@esbuild/linux-ppc64": "0.28.1",
                "@esbuild/linux-riscv64": "0.28.1",
                "@esbuild/linux-s390x": "0.28.1",
                "@esbuild/linux-x64": "0.28.1",
                "@esbuild/netbsd-arm64": "0.28.1",
                "@esbuild/netbsd-x64": "0.28.1",
                "@esbuild/openbsd-arm64": "0.28.1",
                "@esbuild/openbsd-x64": "0.28.1",
                "@esbuild/openharmony-arm64": "0.28.1",
                "@esbuild/sunos-x64": "0.28.1",
                "@esbuild/win32-arm64": "0.28.1",
                "@esbuild/win32-ia32": "0.28.1",
                "@esbuild/win32-x64": "0.28.1"
            }
        },
        "node_modules/escape-string-regexp": {
            "version": "4.0.0",
            "resolved": "https://registry.npmjs.org/escape-string-regexp/-/escape-string-regexp-4.0.0.tgz",
            "integrity": "sha512-TtpcNJ3XAzx3Gq8sWRzJaVajRs0uVxA2YAkdb1jm2YkPz4G6egUFAyA3n5vtEIZefPk5Wa4UXbKuS5fKkJWdgA==",
            "license": "MIT",
            "engines": {
                "node": ">=10"
            },
            "funding": {
                "url": "https://github.com/sponsors/sindresorhus"
            }
        },
        "node_modules/fsevents": {
            "version": "2.3.3",
            "resolved": "https://registry.npmjs.org/fsevents/-/fsevents-2.3.3.tgz",
            "integrity": "sha512-5xoDfX+fL7faATnagmWPpbFtwh/R77WmMMqqHGS65C3vvB0YHrgF+B1YmZ3441tMj5n63k0212XNoJwzlhffQw==",
            "dev": true,
            "hasInstallScript": true,
            "license": "MIT",
            "optional": true,
            "os": [
                "darwin"
            ],
            "engines": {
                "node": "^8.16.0 || ^10.6.0 || >=11.0.0"
            }
        },
        "node_modules/html-escaper": {
            "version": "3.0.3",
            "resolved": "https://registry.npmjs.org/html-escaper/-/html-escaper-3.0.3.tgz",
            "integrity": "sha512-RuMffC89BOWQoY0WKGpIhn5gX3iI54O6nRA0yC124NYVtzjmFWBIiFd8M0x+ZdX0P9R4lADg1mgP8C7PxGOWuQ==",
            "license": "MIT"
        },
        "node_modules/htmlparser2": {
            "version": "10.1.0",
            "resolved": "https://registry.npmjs.org/htmlparser2/-/htmlparser2-10.1.0.tgz",
            "integrity": "sha512-VTZkM9GWRAtEpveh7MSF6SjjrpNVNNVJfFup7xTY3UpFtm67foy9HDVXneLtFVt4pMz5kZtgNcvCniNFb1hlEQ==",
            "funding": [
                "https://github.com/fb55/htmlparser2?sponsor=1",
                {
                    "type": "github",
                    "url": "https://github.com/sponsors/fb55"
                }
            ],
            "license": "MIT",
            "dependencies": {
                "domelementtype": "^2.3.0",
                "domhandler": "^5.0.3",
                "domutils": "^3.2.2",
                "entities": "^7.0.1"
            }
        },
        "node_modules/htmlparser2/node_modules/dom-serializer": {
            "version": "2.0.0",
            "resolved": "https://registry.npmjs.org/dom-serializer/-/dom-serializer-2.0.0.tgz",
            "integrity": "sha512-wIkAryiqt/nV5EQKqQpo3SToSOV9J0DnbJqwK7Wv/Trc92zIAYZ4FlMu+JPFW1DfGFt81ZTCGgDEabffXeLyJg==",
            "license": "MIT",
            "dependencies": {
                "domelementtype": "^2.3.0",
                "domhandler": "^5.0.2",
                "entities": "^4.2.0"
            },
            "funding": {
                "url": "https://github.com/cheeriojs/dom-serializer?sponsor=1"
            }
        },
        "node_modules/htmlparser2/node_modules/dom-serializer/node_modules/entities": {
            "version": "4.5.0",
            "resolved": "https://registry.npmjs.org/entities/-/entities-4.5.0.tgz",
            "integrity": "sha512-V0hjH4dGPh9Ao5p0MoRY6BVqtwCjhz6vI5LT8AJ55H+4g9/4vbHx1I54fS0XuclLhDHArPQCiMjDxjaL8fPxhw==",
            "license": "BSD-2-Clause",
            "engines": {
                "node": ">=0.12"
            },
            "funding": {
                "url": "https://github.com/fb55/entities?sponsor=1"
            }
        },
        "node_modules/htmlparser2/node_modules/domelementtype": {
            "version": "2.3.0",
            "resolved": "https://registry.npmjs.org/domelementtype/-/domelementtype-2.3.0.tgz",
            "integrity": "sha512-OLETBj6w0OsagBwdXnPdN0cnMfF9opN69co+7ZrbfPGrdpPVNBUj02spi6B1N7wChLQiPn4CSH/zJvXw56gmHw==",
            "funding": [
                {
                    "type": "github",
                    "url": "https://github.com/sponsors/fb55"
                }
            ],
            "license": "BSD-2-Clause"
        },
        "node_modules/htmlparser2/node_modules/domhandler": {
            "version": "5.0.3",
            "resolved": "https://registry.npmjs.org/domhandler/-/domhandler-5.0.3.tgz",
            "integrity": "sha512-cgwlv/1iFQiFnU96XXgROh8xTeetsnJiDsTc7TYCLFd9+/WNkIqPTxiM/8pSd8VIrhXGTf1Ny1q1hquVqDJB5w==",
            "license": "BSD-2-Clause",
            "dependencies": {
                "domelementtype": "^2.3.0"
            },
            "engines": {
                "node": ">= 4"
            },
            "funding": {
                "url": "https://github.com/fb55/domhandler?sponsor=1"
            }
        },
        "node_modules/htmlparser2/node_modules/domutils": {
            "version": "3.2.2",
            "resolved": "https://registry.npmjs.org/domutils/-/domutils-3.2.2.tgz",
            "integrity": "sha512-6kZKyUajlDuqlHKVX1w7gyslj9MPIXzIFiz/rGu35uC1wMi+kMhQwGhl4lt9unC9Vb9INnY9Z3/ZA3+FhASLaw==",
            "license": "BSD-2-Clause",
            "dependencies": {
                "dom-serializer": "^2.0.0",
                "domelementtype": "^2.3.0",
                "domhandler": "^5.0.3"
            },
            "funding": {
                "url": "https://github.com/fb55/domutils?sponsor=1"
            }
        },
        "node_modules/htmlparser2/node_modules/entities": {
            "version": "7.0.1",
            "resolved": "https://registry.npmjs.org/entities/-/entities-7.0.1.tgz",
            "integrity": "sha512-TWrgLOFUQTH994YUyl1yT4uyavY5nNB5muff+RtWaqNVCAK408b5ZnnbNAUEWLTCpum9w6arT70i1XdQ4UeOPA==",
            "license": "BSD-2-Clause",
            "engines": {
                "node": ">=0.12"
            },
            "funding": {
                "url": "https://github.com/fb55/entities?sponsor=1"
            }
        },
        "node_modules/is-plain-object": {
            "version": "5.0.0",
            "resolved": "https://registry.npmjs.org/is-plain-object/-/is-plain-object-5.0.0.tgz",
            "integrity": "sha512-VRSzKkbMm5jMDoKLbltAkFQ5Qr7VDiTFGXxYFXXowVj387GeGNOCsOH6Msy00SGZ3Fp84b1Naa1psqgcCIEP5Q==",
            "license": "MIT",
            "engines": {
                "node": ">=0.10.0"
            }
        },
        "node_modules/launder": {
            "version": "1.7.1",
            "resolved": "https://registry.npmjs.org/launder/-/launder-1.7.1.tgz",
            "integrity": "sha512-mU6WRz5EusL9ZZuiZ5SO4Y6C0P9PAUR9iwdb6bzj4KDihm28DiHFw+/yk9DBH4f+Pv1wuzQ4e2jV3oQ7mkIqvw==",
            "license": "MIT",
            "dependencies": {
                "dayjs": "^1.11.7"
            }
        },
        "node_modules/linkedom": {
            "version": "0.18.13",
            "resolved": "https://registry.npmjs.org/linkedom/-/linkedom-0.18.13.tgz",
            "integrity": "sha512-ES/o9qotMpzpN2MHs+Iq/JcVoOj8Fa5wiQYrTdFpvAnwXL0g66XHHUc9WUMk6nAlBtGsFQ24ne+SYnvnaQ2FSw==",
            "license": "ISC",
            "dependencies": {
                "css-select": "^7.0.0",
                "cssom": "^0.5.0",
                "html-escaper": "^3.0.3",
                "htmlparser2": "^10.1.0",
                "uhyphen": "^0.2.0"
            },
            "engines": {
                "node": ">=16"
            },
            "peerDependencies": {
                "canvas": ">= 2"
            },
            "peerDependenciesMeta": {
                "canvas": {
                    "optional": true
                }
            }
        },
        "node_modules/nanoid": {
            "version": "3.3.17",
            "resolved": "https://registry.npmjs.org/nanoid/-/nanoid-3.3.17.tgz",
            "integrity": "sha512-xQLf0A3HOMlgHq0n247/LRuAOYmB7dXJ/DvAxGvsSBij45XtBSmQycu+F8ODbHwns/XyFZagyL1+J0Offw1E0g==",
            "funding": [
                {
                    "type": "github",
                    "url": "https://github.com/sponsors/ai"
                }
            ],
            "license": "MIT",
            "bin": {
                "nanoid": "bin/nanoid.cjs"
            },
            "engines": {
                "node": "^10 || ^12 || ^13.7 || ^14 || >=15.0.1"
            }
        },
        "node_modules/nth-check": {
            "version": "3.0.1",
            "resolved": "https://registry.npmjs.org/nth-check/-/nth-check-3.0.1.tgz",
            "integrity": "sha512-GX0gsdbGVCgnRgbeGaubfjpBXyYRWOOCVeYh08bSQvDZqxz5ndXs1OTfAt/h36G1xvI94YIspsI0sVFqAV9+RQ==",
            "license": "BSD-2-Clause",
            "dependencies": {
                "boolbase": "^2.0.0"
            },
            "engines": {
                "node": ">=20.19.0"
            },
            "funding": {
                "type": "github",
                "url": "https://github.com/fb55/nth-check?sponsor=1"
            }
        },
        "node_modules/parse-srcset": {
            "version": "1.0.2",
            "resolved": "https://registry.npmjs.org/parse-srcset/-/parse-srcset-1.0.2.tgz",
            "integrity": "sha512-/2qh0lav6CmI15FzA3i/2Bzk2zCgQhGMkvhOhKNcBVQ1ldgpbfiNTVslmooUmWJcADi1f1kIeynbDRVzNlfR6Q==",
            "license": "MIT"
        },
        "node_modules/picocolors": {
            "version": "1.1.1",
            "resolved": "https://registry.npmjs.org/picocolors/-/picocolors-1.1.1.tgz",
            "integrity": "sha512-xceH2snhtb5M9liqDsmEw56le376mTZkEX/jEb/RxNFyegNul7eNslCXP9FDj/Lcu0X8KEyMceP2ntpaHrDEVA==",
            "license": "ISC"
        },
        "node_modules/postcss": {
            "version": "8.5.26",
            "resolved": "https://registry.npmjs.org/postcss/-/postcss-8.5.26.tgz",
            "integrity": "sha512-u82N74LFzG8ca+dD8puPnplTXoGH4fTPpVGuIbt36G3qvNlkvfD0lEAZSxaly3KX8TS/L1A1gsCEmvKmBcVbkQ==",
            "funding": [
                {
                    "type": "opencollective",
                    "url": "https://opencollective.com/postcss/"
                },
                {
                    "type": "tidelift",
                    "url": "https://tidelift.com/funding/github/npm/postcss"
                },
                {
                    "type": "github",
                    "url": "https://github.com/sponsors/ai"
                }
            ],
            "license": "MIT",
            "dependencies": {
                "nanoid": "^3.3.17",
                "picocolors": "^1.1.1",
                "source-map-js": "^1.2.1"
            },
            "engines": {
                "node": "^10 || ^12 || >=14"
            }
        },
        "node_modules/robots-parser": {
            "version": "3.0.1",
            "resolved": "https://registry.npmjs.org/robots-parser/-/robots-parser-3.0.1.tgz",
            "integrity": "sha512-s+pyvQeIKIZ0dx5iJiQk1tPLJAWln39+MI5jtM8wnyws+G5azk+dMnMX0qfbqNetKKNgcWWOdi0sfm+FbQbgdQ==",
            "license": "MIT",
            "engines": {
                "node": ">=10.0.0"
            }
        },
        "node_modules/rss-parser": {
            "version": "3.13.0",
            "resolved": "https://registry.npmjs.org/rss-parser/-/rss-parser-3.13.0.tgz",
            "integrity": "sha512-7jWUBV5yGN3rqMMj7CZufl/291QAhvrrGpDNE4k/02ZchL0npisiYYqULF71jCEKoIiHvK/Q2e6IkDwPziT7+w==",
            "license": "MIT",
            "dependencies": {
                "entities": "^2.0.3",
                "xml2js": "^0.5.0"
            }
        },
        "node_modules/rss-parser/node_modules/entities": {
            "version": "2.2.0",
            "resolved": "https://registry.npmjs.org/entities/-/entities-2.2.0.tgz",
            "integrity": "sha512-p92if5Nz619I0w+akJrLZH0MX0Pb5DX39XOwQTtXSdQQOaYH03S1uIQp4mhOZtAXrxq4ViO67YTiLBo2638o9A==",
            "license": "BSD-2-Clause",
            "funding": {
                "url": "https://github.com/fb55/entities?sponsor=1"
            }
        },
        "node_modules/sanitize-html": {
            "version": "2.17.6",
            "resolved": "https://registry.npmjs.org/sanitize-html/-/sanitize-html-2.17.6.tgz",
            "integrity": "sha512-M4bo9tfv1yfhQZZKkc6dL07ALrGJtfvNOuhX3hU9AVPR/uPQ+nKOJBqTYc7LfMQblTW04mtSWDJWEyLvygJsLA==",
            "license": "MIT",
            "dependencies": {
                "deepmerge": "^4.2.2",
                "escape-string-regexp": "^4.0.0",
                "htmlparser2": "^12.0.0",
                "is-plain-object": "^5.0.0",
                "launder": "^1.7.1",
                "parse-srcset": "^1.0.2",
                "postcss": "^8.3.11"
            },
            "engines": {
                "node": ">=22.12.0"
            }
        },
        "node_modules/sanitize-html/node_modules/htmlparser2": {
            "version": "12.0.0",
            "resolved": "https://registry.npmjs.org/htmlparser2/-/htmlparser2-12.0.0.tgz",
            "integrity": "sha512-Tz7u1i95/g2x2jz81+x0FBVhBhY5aRTvD3tXXdFaljuNdzDLJ8UGNRrTcj2cgQvAg3iW/h77Fz15nLW0L0CrZw==",
            "funding": [
                "https://github.com/fb55/htmlparser2?sponsor=1",
                {
                    "type": "github",
                    "url": "https://github.com/sponsors/fb55"
                }
            ],
            "license": "MIT",
            "dependencies": {
                "domelementtype": "^3.0.0",
                "domhandler": "^6.0.0",
                "domutils": "^4.0.2",
                "entities": "^8.0.0"
            },
            "engines": {
                "node": ">=20.19.0"
            }
        },
        "node_modules/sax": {
            "version": "1.6.1",
            "resolved": "https://registry.npmjs.org/sax/-/sax-1.6.1.tgz",
            "integrity": "sha512-42tBVwLWnaQvW5zc4HbZrTuWccECCZfBi92FDuwtqxasH+JbPB3/FOKb1m222K42R4WxuxzzMsTswfzgtSu64Q==",
            "license": "BlueOak-1.0.0",
            "engines": {
                "node": ">=11.0.0"
            }
        },
        "node_modules/source-map-js": {
            "version": "1.2.1",
            "resolved": "https://registry.npmjs.org/source-map-js/-/source-map-js-1.2.1.tgz",
            "integrity": "sha512-UXWMKhLOwVKb728IUtQPXxfYU+usdybtUrK/8uGE8CQMvrhOpwvzDBwj0QhSL7MQc7vIsISBG8VQ8+IDQxpfQA==",
            "license": "BSD-3-Clause",
            "engines": {
                "node": ">=0.10.0"
            }
        },
        "node_modules/tsx": {
            "version": "4.23.9",
            "resolved": "https://registry.npmjs.org/tsx/-/tsx-4.23.9.tgz",
            "integrity": "sha512-6q8uTORRGauQVjqMQnKUucLFoeXZAfw6zKvG35GLbdKWbLdeOtZ3H4mhyA5mxuUd2o2cRTskhj59nLLQseUvUw==",
            "dev": true,
            "license": "MIT",
            "dependencies": {
                "esbuild": "~0.28.0"
            },
            "bin": {
                "tsx": "dist/cli.mjs"
            },
            "engines": {
                "node": ">=18.0.0"
            },
            "optionalDependencies": {
                "fsevents": "~2.3.3"
            }
        },
        "node_modules/typescript": {
            "version": "5.9.3",
            "resolved": "https://registry.npmjs.org/typescript/-/typescript-5.9.3.tgz",
            "integrity": "sha512-jl1vZzPDinLr9eUt3J/t7V6FgNEw9QjvBPdysz9KfQDD41fQrC2Y4vKQdiaUpFT4bXlb1RHhLpp8wtm6M5TgSw==",
            "dev": true,
            "license": "Apache-2.0",
            "bin": {
                "tsc": "bin/tsc",
                "tsserver": "bin/tsserver"
            },
            "engines": {
                "node": ">=14.17"
            }
        },
        "node_modules/uhyphen": {
            "version": "0.2.0",
            "resolved": "https://registry.npmjs.org/uhyphen/-/uhyphen-0.2.0.tgz",
            "integrity": "sha512-qz3o9CHXmJJPGBdqzab7qAYuW8kQGKNEuoHFYrBwV6hWIMcpAmxDLXojcHfFr9US1Pe6zUswEIJIbLI610fuqA==",
            "license": "ISC"
        },
        "node_modules/undici-types": {
            "version": "6.21.0",
            "resolved": "https://registry.npmjs.org/undici-types/-/undici-types-6.21.0.tgz",
            "integrity": "sha512-iwDZqg0QAGrg9Rav5H4n0M64c3mkR59cJ6wQp+7C4nI0gsmExaedaYLNO44eT4AtBBwjbTiGPMlt2Md0T9H9JQ==",
            "dev": true,
            "license": "MIT"
        },
        "node_modules/xml2js": {
            "version": "0.5.0",
            "resolved": "https://registry.npmjs.org/xml2js/-/xml2js-0.5.0.tgz",
            "integrity": "sha512-drPFnkQJik/O+uPKpqSgr22mpuFHqKdbS835iAQrUC73L2F5WkboIRd63ai/2Yg6I1jzifPFKH2NTK+cfglkIA==",
            "license": "MIT",
            "dependencies": {
                "sax": ">=0.6.0",
                "xmlbuilder": "~11.0.0"
            },
            "engines": {
                "node": ">=4.0.0"
            }
        },
        "node_modules/xmlbuilder": {
            "version": "11.0.1",
            "resolved": "https://registry.npmjs.org/xmlbuilder/-/xmlbuilder-11.0.1.tgz",
            "integrity": "sha512-fDlsI/kFEx7gLvbecc0/ohLG50fugQp8ryHzMTuW9vSa1GJ0XYWKnhsUx7oie3G98+r56aTQIUB4kht42R3JvA==",
            "license": "MIT",
            "engines": {
                "node": ">=4.0"
            }
        }
    }
}
